
Microsoft Visual Studio Solution File, Format Version 12.00
# Visual Studio Version 16
VisualStudioVersion = 16.0.808.6
MinimumVisualStudioVersion = 10.0.40219.1
Project("{FAE04EC0-301F-11D3-BF4B-00C04F79EFBC}") = "MainModule", "ModuleTest\MainModule.csproj", "{440FA57E-5200-4CD8-8C6B-5AC0313E7F9C}"
EndProject
Project("{FAE04EC0-301F-11D3-BF4B-00C04F79EFBC}") = "MainModule.Test", "MainModule.Test\MainModule.Test.csproj", "{419CCEC6-1C39-40C1-966F-57AC01E281E6}"
EndProject
Global
	GlobalSection(SolutionConfigurationPlatforms) = preSolution
		Debug|Any CPU = Debug|Any CPU
		Release|Any CPU = Release|Any CPU
	EndGlobalSection
	GlobalSection(ProjectConfigurationPlatforms) = postSolution
		{440FA57E-5200-4CD8-8C6B-5AC0313E7F9C}.Debug|Any CPU.ActiveCfg = Debug|Any CPU
		{440FA57E-5200-4CD8-8C6B-5AC0313E7F9C}.Debug|Any CPU.Build.0 = Debug|Any CPU
		{440FA57E-5200-4CD8-8C6B-5AC0313E7F9C}.Release|Any CPU.ActiveCfg = Release|Any CPU
		{440FA57E-5200-4CD8-8C6B-5AC0313E7F9C}.Release|Any CPU.Build.0 = Release|Any CPU
		{419CCEC6-1C39-40C1-966F-57AC01E281E6}.Debug|Any CPU.ActiveCfg = Debug|Any CPU
		{419CCEC6-1C39-40C1-966F-57AC01E281E6}.Debug|Any CPU.Build.0 = Debug|Any CPU
		{419CCEC6-1C39-40C1-966F-57AC01E281E6}.Release|Any CPU.ActiveCfg = Release|Any CPU
		{419CCEC6-1C39-40C1-966F-57AC01E281E6}.Release|Any CPU.Build.0 = Release|Any CPU
	EndGlobalSection
	GlobalSection(SolutionProperties) = preSolution
		HideSolutionNode = FALSE
	EndGlobalSection
	GlobalSection(ExtensibilityGlobals) = postSolution
		SolutionGuid = {E971D9DD-BCEE-4CE7-BF3F-2712F41C3C25}
	EndGlobalSection
EndGlobal
